{
  "version": 4,
  "terraform_version": "1.14.5",
  "serial": 123,
  "lineage": "348aa4d7-99b4-5faa-9847-fe193313a8de",
  "outputs": {
    "asg_name": {
      "value": "devops-portfolio-web-asg",
      "type": "string"
    },
    "ec2_public_ip": {
      "value": "13.127.183.40",
      "type": "string"
    },
    "private_subnet_id": {
      "value": "subnet-03c249a49a7414027",
      "type": "string"
    },
    "public_subnet_id": {
      "value": "subnet-0f0f34fb153974b85",
      "type": "string"
    },
    "rds_endpoint": {
      "value": "devops-portfolio-db.claqceq06km1.ap-south-1.rds.amazonaws.com:5432",
      "type": "string"
    },
    "vpc_id": {
      "value": "vpc-02f922b07560659b6",
      "type": "string"
    }
  },
  "resources": [
    {
      "mode": "managed",
      "type": "aws_autoscaling_group",
      "name": "web_asg",
      "provider": "provider[\"registry.terraform.io/hashicorp/aws\"]",
      "instances": [
        {
          "schema_version": 1,
          "attributes": {
            "arn": "arn:aws:autoscaling:ap-south-1:990046776873:autoScalingGroup:dc156e0b-e39f-4152-957d-db5cba310b95:autoScalingGroupName/devops-portfolio-web-asg",
            "availability_zone_distribution": [
              {
                "capacity_distribution_strategy": "balanced-best-effort"
              }
            ],
            "availability_zones": [
              "ap-south-1a"
            ],
            "capacity_rebalance": false,
            "capacity_reservation_specification": [
              {
                "capacity_reservation_preference": "default",
                "capacity_reservation_target": []
              }
            ],
            "context": "",
            "default_cooldown": 300,
            "default_instance_warmup": 0,
            "desired_capacity": 1,
            "desired_capacity_type": "",
            "enabled_metrics": null,
            "force_delete": false,
            "force_delete_warm_pool": false,
            "health_check_grace_period": 300,
            "health_check_type": "EC2",
            "id": "devops-portfolio-web-asg",
            "ignore_failed_scaling_activities": false,
            "initial_lifecycle_hook": [],
            "instance_maintenance_policy": [],
            "instance_refresh": [],
            "launch_configuration": "",
            "launch_template": [
              {
                "id": "lt-0a4435307e793a907",
                "name": "devops-portfolio-web-lt-20260225080220393800000002",
                "version": "$Latest"
              }
            ],
            "load_balancers": [],
            "max_instance_lifetime": 0,
            "max_size": 3,
            "metrics_granularity": "1Minute",
            "min_elb_capacity": null,
            "min_size": 1,
            "mixed_instances_policy": [],
            "name": "devops-portfolio-web-asg",
            "name_prefix": "",
            "placement_group": "",
            "predicted_capacity": 0,
            "protect_from_scale_in": false,
            "service_linked_role_arn": "arn:aws:iam::990046776873:role/aws-service-role/autoscaling.amazonaws.com/AWSServiceRoleForAutoScaling",
            "suspended_processes": null,
            "tag": [
              {
                "key": "Name",
                "propagate_at_launch": true,
                "value": "devops-portfolio-asg-instance"
              }
            ],
            "target_group_arns": [],
            "termination_policies": null,
            "timeouts": null,
            "traffic_source": [],
            "vpc_zone_identifier": [
              "subnet-0f0f34fb153974b85"
            ],
            "wait_for_capacity_timeout": "10m",
            "wait_for_elb_capacity": null,
            "warm_pool": [],
            "warm_pool_size": 0
          },
          "sensitive_attributes": [],
          "identity_schema_version": 0,
          "private": "eyJlMmJmYjczMC1lY2FhLTExZTYtOGY4OC0zNDM2M2JjN2M0YzAiOnsiZGVsZXRlIjo2MDAwMDAwMDAwMDAsInVwZGF0ZSI6NjAwMDAwMDAwMDAwfSwic2NoZW1hX3ZlcnNpb24iOiIxIn0=",
          "dependencies": [
            "aws_launch_template.web_lt",
            "aws_security_group.ec2_sg",
            "aws_subnet.public_a",
            "aws_vpc.main"
          ]
        }
      ]
    },
    {
      "mode": "managed",
      "type": "aws_db_instance",
      "name": "postgres",
      "provider": "provider[\"registry.terraform.io/hashicorp/aws\"]",
      "instances": [
        {
          "schema_version": 2,
          "attributes": {
            "address": "devops-portfolio-db.claqceq06km1.ap-south-1.rds.amazonaws.com",
            "allocated_storage": 20,
            "allow_major_version_upgrade": null,
            "apply_immediately": false,
            "arn": "arn:aws:rds:ap-south-1:990046776873:db:devops-portfolio-db",
            "auto_minor_version_upgrade": true,
            "availability_zone": "ap-south-1a",
            "backup_retention_period": 0,
            "backup_target": "region",
            "backup_window": "17:04-17:34",
            "blue_green_update": [],
            "ca_cert_identifier": "rds-ca-rsa2048-g1",
            "character_set_name": "",
            "copy_tags_to_snapshot": false,
            "custom_iam_instance_profile": "",
            "customer_owned_ip_enabled": false,
            "database_insights_mode": "standard",
            "db_name": "portfoliodb",
            "db_subnet_group_name": "devops-portfolio-db-subnet-group",
            "dedicated_log_volume": false,
            "delete_automated_backups": true,
            "deletion_protection": false,
            "domain": "",
            "domain_auth_secret_arn": "",
            "domain_dns_ips": null,
            "domain_fqdn": "",
            "domain_iam_role_name": "",
            "domain_ou": "",
            "enabled_cloudwatch_logs_exports": null,
            "endpoint": "devops-portfolio-db.claqceq06km1.ap-south-1.rds.amazonaws.com:5432",
            "engine": "postgres",
            "engine_lifecycle_support": "open-source-rds-extended-support",
            "engine_version": "15",
            "engine_version_actual": "15.14",
            "final_snapshot_identifier": null,
            "hosted_zone_id": "Z2VFMSZA74J7XZ",
            "iam_database_authentication_enabled": false,
            "id": "db-GLTHP5SKKV3BECON532FJPEKI4",
            "identifier": "devops-portfolio-db",
            "identifier_prefix": "",
            "instance_class": "db.t3.micro",
            "iops": 0,
            "kms_key_id": "",
            "latest_restorable_time": "",
            "license_model": "postgresql-license",
            "listener_endpoint": [],
            "maintenance_window": "wed:11:36-wed:12:06",
            "manage_master_user_password": null,
            "master_user_secret": [],
            "master_user_secret_kms_key_id": null,
            "max_allocated_storage": 0,
            "monitoring_interval": 0,
            "monitoring_role_arn": "",
            "multi_az": false,
            "nchar_character_set_name": "",
            "network_type": "IPV4",
            "option_group_name": "default:postgres-15",
            "parameter_group_name": "default.postgres15",
            "password": "SuperSecurePass123!",
            "password_wo": null,
            "password_wo_version": null,
            "performance_insights_enabled": false,
            "performance_insights_kms_key_id": "",
            "performance_insights_retention_period": 0,
            "port": 5432,
            "publicly_accessible": false,
            "replica_mode": "",
            "replicas": [],
            "replicate_source_db": "",
            "resource_id": "db-GLTHP5SKKV3BECON532FJPEKI4",
            "restore_to_point_in_time": [],
            "s3_import": [],
            "skip_final_snapshot": true,
            "snapshot_identifier": null,
            "status": "available",
            "storage_encrypted": false,
            "storage_throughput": 0,
            "storage_type": "gp2",
            "tags": {
              "Name": "devops-portfolio-postgres-db"
            },
            "tags_all": {
              "Name": "devops-portfolio-postgres-db"
            },
            "timeouts": null,
            "timezone": "",
            "upgrade_storage_config": null,
            "username": "adminuser",
            "vpc_security_group_ids": [
              "sg-0722807cc48b4f4d3"
            ]
          },
          "sensitive_attributes": [
            [
              {
                "type": "get_attr",
                "value": "password"
              }
            ],
            [
              {
                "type": "get_attr",
                "value": "password_wo"
              }
            ]
          ],
          "identity_schema_version": 0,
          "private": "eyJlMmJmYjczMC1lY2FhLTExZTYtOGY4OC0zNDM2M2JjN2M0YzAiOnsiY3JlYXRlIjozMDAwMDAwMDAwMDAwLCJkZWxldGUiOjM2MDAwMDAwMDAwMDAsInVwZGF0ZSI6NDgwMDAwMDAwMDAwMH0sInNjaGVtYV92ZXJzaW9uIjoiMiJ9",
          "dependencies": [
            "aws_db_subnet_group.private",
            "aws_security_group.ec2_sg",
            "aws_security_group.rds_sg",
            "aws_subnet.private_a",
            "aws_subnet.private_b",
            "aws_vpc.main"
          ]
        }
      ]
    },
    {
      "mode": "managed",
      "type": "aws_db_subnet_group",
      "name": "private",
      "provider": "provider[\"registry.terraform.io/hashicorp/aws\"]",
      "instances": [
        {
          "schema_version": 0,
          "attributes": {
            "arn": "arn:aws:rds:ap-south-1:990046776873:subgrp:devops-portfolio-db-subnet-group",
            "description": "Managed by Terraform",
            "id": "devops-portfolio-db-subnet-group",
            "name": "devops-portfolio-db-subnet-group",
            "name_prefix": "",
            "subnet_ids": [
              "subnet-03c249a49a7414027",
              "subnet-0883678d192e8fad8"
            ],
            "supported_network_types": [
              "IPV4"
            ],
            "tags": {
              "Name": "devops-portfolio-db-subnet-group"
            },
            "tags_all": {
              "Name": "devops-portfolio-db-subnet-group"
            },
            "vpc_id": "vpc-02f922b07560659b6"
          },
          "sensitive_attributes": [],
          "identity_schema_version": 0,
          "private": "bnVsbA==",
          "dependencies": [
            "aws_subnet.private_a",
            "aws_subnet.private_b",
            "aws_vpc.main"
          ]
        }
      ]
    },
    {
      "mode": "managed",
      "type": "aws_eip",
      "name": "nat",
      "provider": "provider[\"registry.terraform.io/hashicorp/aws\"]",
      "instances": [
        {
          "schema_version": 0,
          "attributes": {
            "address": null,
            "allocation_id": "eipalloc-0315daf5b764e281f",
            "arn": "arn:aws:ec2:ap-south-1:990046776873:elastic-ip/eipalloc-0315daf5b764e281f",
            "associate_with_private_ip": null,
            "association_id": "",
            "carrier_ip": "",
            "customer_owned_ip": "",
            "customer_owned_ipv4_pool": "",
            "domain": "vpc",
            "id": "eipalloc-0315daf5b764e281f",
            "instance": "",
            "ipam_pool_id": null,
            "network_border_group": "ap-south-1",
            "network_interface": "",
            "private_dns": null,
            "private_ip": "",
            "ptr_record": "",
            "public_dns": "ec2-3-7-92-150.ap-south-1.compute.amazonaws.com",
            "public_ip": "3.7.92.150",
            "public_ipv4_pool": "amazon",
            "tags": {
              "Name": "devops-portfolio-nat-eip"
            },
            "tags_all": {
              "Name": "devops-portfolio-nat-eip"
            },
            "timeouts": null,
            "vpc": true
          },
          "sensitive_attributes": [],
          "identity_schema_version": 0,
          "private": "eyJlMmJmYjczMC1lY2FhLTExZTYtOGY4OC0zNDM2M2JjN2M0YzAiOnsiZGVsZXRlIjoxODAwMDAwMDAwMDAsInJlYWQiOjkwMDAwMDAwMDAwMCwidXBkYXRlIjozMDAwMDAwMDAwMDB9fQ=="
        }
      ]
    },
    {
      "mode": "managed",
      "type": "aws_instance",
      "name": "web",
      "provider": "provider[\"registry.terraform.io/hashicorp/aws\"]",
      "instances": [
        {
          "schema_version": 1,
          "attributes": {
            "ami": "ami-0f5ee92e2d63afc18",
            "arn": "arn:aws:ec2:ap-south-1:990046776873:instance/i-05965b73f21a52866",
            "associate_public_ip_address": true,
            "availability_zone": "ap-south-1a",
            "capacity_reservation_specification": [
              {
                "capacity_reservation_preference": "open",
                "capacity_reservation_target": []
              }
            ],
            "cpu_core_count": 1,
            "cpu_options": [
              {
                "amd_sev_snp": "",
                "core_count": 1,
                "threads_per_core": 2
              }
            ],
            "cpu_threads_per_core": 2,
            "credit_specification": [
              {
                "cpu_credits": "unlimited"
              }
            ],
            "disable_api_stop": false,
            "disable_api_termination": false,
            "ebs_block_device": [],
            "ebs_optimized": false,
            "enable_primary_ipv6": null,
            "enclave_options": [
              {
                "enabled": false
              }
            ],
            "ephemeral_block_device": [],
            "get_password_data": false,
            "hibernation": false,
            "host_id": "",
            "host_resource_group_arn": null,
            "iam_instance_profile": "",
            "id": "i-05965b73f21a52866",
            "instance_initiated_shutdown_behavior": "stop",
            "instance_lifecycle": "",
            "instance_market_options": [],
            "instance_state": "running",
            "instance_type": "t3.micro",
            "ipv6_address_count": 0,
            "ipv6_addresses": [],
            "key_name": "",
            "launch_template": [],
            "maintenance_options": [
              {
                "auto_recovery": "default"
              }
            ],
            "metadata_options": [
              {
                "http_endpoint": "enabled",
                "http_protocol_ipv6": "disabled",
                "http_put_response_hop_limit": 1,
                "http_tokens": "optional",
                "instance_metadata_tags": "disabled"
              }
            ],
            "monitoring": false,
            "network_interface": [],
            "outpost_arn": "",
            "password_data": "",
            "placement_group": "",
            "placement_partition_number": 0,
            "primary_network_interface_id": "eni-01a8fd4c915ffced8",
            "private_dns": "ip-10-0-1-49.ap-south-1.compute.internal",
            "private_dns_name_options": [
              {
                "enable_resource_name_dns_a_record": false,
                "enable_resource_name_dns_aaaa_record": false,
                "hostname_type": "ip-name"
              }
            ],
            "private_ip": "10.0.1.49",
            "public_dns": "ec2-13-127-183-40.ap-south-1.compute.amazonaws.com",
            "public_ip": "13.127.183.40",
            "root_block_device": [
              {
                "delete_on_termination": true,
                "device_name": "/dev/sda1",
                "encrypted": false,
                "iops": 100,
                "kms_key_id": "",
                "tags": {},
                "tags_all": {},
                "throughput": 0,
                "volume_id": "vol-01067d9877213286c",
                "volume_size": 8,
                "volume_type": "gp2"
              }
            ],
            "secondary_private_ips": [],
            "security_groups": [],
            "source_dest_check": true,
            "spot_instance_request_id": "",
            "subnet_id": "subnet-0f0f34fb153974b85",
            "tags": {
              "Name": "DevOps-Portfolio-EC2"
            },
            "tags_all": {
              "Name": "DevOps-Portfolio-EC2"
            },
            "tenancy": "default",
            "timeouts": null,
            "user_data": "3969bac8d20c1cf065825d246028d0769d7c24f0",
            "user_data_base64": null,
            "user_data_replace_on_change": false,
            "volume_tags": null,
            "vpc_security_group_ids": [
              "sg-078e3bec1876c925f"
            ]
          },
          "sensitive_attributes": [],
          "identity_schema_version": 0,
          "private": "eyJlMmJmYjczMC1lY2FhLTExZTYtOGY4OC0zNDM2M2JjN2M0YzAiOnsiY3JlYXRlIjo2MDAwMDAwMDAwMDAsImRlbGV0ZSI6MTIwMDAwMDAwMDAwMCwicmVhZCI6OTAwMDAwMDAwMDAwLCJ1cGRhdGUiOjYwMDAwMDAwMDAwMH0sInNjaGVtYV92ZXJzaW9uIjoiMSJ9",
          "dependencies": [
            "aws_security_group.ec2_sg",
            "aws_subnet.public_a",
            "aws_vpc.main"
          ]
        }
      ]
    },
    {
      "mode": "managed",
      "type": "aws_internet_gateway",
      "name": "igw",
      "provider": "provider[\"registry.terraform.io/hashicorp/aws\"]",
      "instances": [
        {
          "schema_version": 0,
          "attributes": {
            "arn": "arn:aws:ec2:ap-south-1:990046776873:internet-gateway/igw-0686904a4e0e1136d",
            "id": "igw-0686904a4e0e1136d",
            "owner_id": "990046776873",
            "tags": {
              "Name": "devops-portfolio-igw"
            },
            "tags_all": {
              "Name": "devops-portfolio-igw"
            },
            "timeouts": null,
            "vpc_id": "vpc-02f922b07560659b6"
          },
          "sensitive_attributes": [],
          "identity_schema_version": 0,
          "private": "eyJlMmJmYjczMC1lY2FhLTExZTYtOGY4OC0zNDM2M2JjN2M0YzAiOnsiY3JlYXRlIjoxMjAwMDAwMDAwMDAwLCJkZWxldGUiOjEyMDAwMDAwMDAwMDAsInVwZGF0ZSI6MTIwMDAwMDAwMDAwMH19",
          "dependencies": [
            "aws_vpc.main"
          ]
        }
      ]
    },
    {
      "mode": "managed",
      "type": "aws_launch_template",
      "name": "web_lt",
      "provider": "provider[\"registry.terraform.io/hashicorp/aws\"]",
      "instances": [
        {
          "schema_version": 0,
          "attributes": {
            "arn": "arn:aws:ec2:ap-south-1:990046776873:launch-template/lt-0a4435307e793a907",
            "block_device_mappings": [],
            "capacity_reservation_specification": [],
            "cpu_options": [],
            "credit_specification": [],
            "default_version": 1,
            "description": "",
            "disable_api_stop": false,
            "disable_api_termination": false,
            "ebs_optimized": "",
            "elastic_gpu_specifications": [],
            "elastic_inference_accelerator": [],
            "enclave_options": [],
            "hibernation_options": [],
            "iam_instance_profile": [],
            "id": "lt-0a4435307e793a907",
            "image_id": "ami-0f5ee92e2d63afc18",
            "instance_initiated_shutdown_behavior": "",
            "instance_market_options": [],
            "instance_requirements": [],
            "instance_type": "t3.micro",
            "kernel_id": "",
            "key_name": "",
            "latest_version": 1,
            "license_specification": [],
            "maintenance_options": [],
            "metadata_options": [],
            "monitoring": [],
            "name": "devops-portfolio-web-lt-20260225080220393800000002",
            "name_prefix": "devops-portfolio-web-lt-",
            "network_interfaces": [
              {
                "associate_carrier_ip_address": "",
                "associate_public_ip_address": "true",
                "connection_tracking_specification": [],
                "delete_on_termination": "",
                "description": "",
                "device_index": 0,
                "ena_srd_specification": [],
                "interface_type": "",
                "ipv4_address_count": 0,
                "ipv4_addresses": null,
                "ipv4_prefix_count": 0,
                "ipv4_prefixes": null,
                "ipv6_address_count": 0,
                "ipv6_addresses": null,
                "ipv6_prefix_count": 0,
                "ipv6_prefixes": null,
                "network_card_index": 0,
                "network_interface_id": "",
                "primary_ipv6": "",
                "private_ip_address": "",
                "security_groups": [
                  "sg-078e3bec1876c925f"
                ],
                "subnet_id": ""
              }
            ],
            "placement": [],
            "private_dns_name_options": [],
            "ram_disk_id": "",
            "security_group_names": null,
            "tag_specifications": [
              {
                "resource_type": "instance",
                "tags": {
                  "Name": "devops-portfolio-asg-instance"
                }
              }
            ],
            "tags": null,
            "tags_all": {},
            "update_default_version": null,
            "user_data": "IyEvYmluL2Jhc2gKYXB0LWdldCB1cGRhdGUgLXkKYXB0LWdldCBpbnN0YWxsIC15IG5vZGVqcyBucG0KCm1rZGlyIC1wIC9hcHAKY2QgL2FwcAoKbnBtIGluaXQgLXkKbnBtIGluc3RhbGwgZXhwcmVzcwoKY2F0ID4gc2VydmVyLmpzIDw8J05PREVfRU9GJwpjb25zdCBodHRwID0gcmVxdWlyZSgnaHR0cCcpOwpjb25zdCBleHByZXNzID0gcmVxdWlyZSgnZXhwcmVzcycpOwpjb25zdCBhcHAgPSBleHByZXNzKCk7CgphcHAuZ2V0KCcvJywgKHJlcSwgcmVzKSA9PiB7CiAgcmVzLnNlbmQoJ0hlbGxvIGZyb20gQXV0byBTY2FsZWQgRUMyIEluc3RhbmNlIScpOwp9KTsKCmFwcC5saXN0ZW4oODAsICcwLjAuMC4wJywgKCkgPT4gewogIGNvbnNvbGUubG9nKCdTZXJ2ZXIgcnVubmluZyBvbiBwb3J0IDgwJyk7Cn0pOwpOT0RFX0VPRgoKbm9kZSBzZXJ2ZXIuanMgJgo=",
            "vpc_security_group_ids": null
          },
          "sensitive_attributes": [],
          "identity_schema_version": 0,
          "private": "bnVsbA==",
          "dependencies": [
            "aws_security_group.ec2_sg",
            "aws_vpc.main"
          ],
          "create_before_destroy": true
        }
      ]
    },
    {
      "mode": "managed",
      "type": "aws_nat_gateway",
      "name": "nat",
      "provider": "provider[\"registry.terraform.io/hashicorp/aws\"]",
      "instances": [
        {
          "schema_version": 0,
          "attributes": {
            "allocation_id": "eipalloc-0315daf5b764e281f",
            "association_id": "eipassoc-037bba11f27c68f0c",
            "connectivity_type": "public",
            "id": "nat-096ccd455131f6fcc",
            "network_interface_id": "eni-0da1713f54777572c",
            "private_ip": "10.0.1.26",
            "public_ip": "3.7.92.150",
            "secondary_allocation_ids": null,
            "secondary_private_ip_address_count": 0,
            "secondary_private_ip_addresses": [],
            "subnet_id": "subnet-0f0f34fb153974b85",
            "tags": {
              "Name": "devops-portfolio-nat-gateway"
            },
            "tags_all": {
              "Name": "devops-portfolio-nat-gateway"
            },
            "timeouts": null
          },
          "sensitive_attributes": [],
          "identity_schema_version": 0,
          "private": "eyJlMmJmYjczMC1lY2FhLTExZTYtOGY4OC0zNDM2M2JjN2M0YzAiOnsiY3JlYXRlIjo2MDAwMDAwMDAwMDAsImRlbGV0ZSI6MTgwMDAwMDAwMDAwMCwidXBkYXRlIjo2MDAwMDAwMDAwMDB9fQ==",
          "dependencies": [
            "aws_eip.nat",
            "aws_internet_gateway.igw",
            "aws_subnet.public_a",
            "aws_vpc.main"
          ]
        }
      ]
    },
    {
      "mode": "managed",
      "type": "aws_route_table",
      "name": "private",
      "provider": "provider[\"registry.terraform.io/hashicorp/aws\"]",
      "instances": [
        {
          "schema_version": 0,
          "attributes": {
            "arn": "arn:aws:ec2:ap-south-1:990046776873:route-table/rtb-0a6ba126585c1bab9",
            "id": "rtb-0a6ba126585c1bab9",
            "owner_id": "990046776873",
            "propagating_vgws": [],
            "route": [
              {
                "carrier_gateway_id": "",
                "cidr_block": "0.0.0.0/0",
                "core_network_arn": "",
                "destination_prefix_list_id": "",
                "egress_only_gateway_id": "",
                "gateway_id": "",
                "ipv6_cidr_block": "",
                "local_gateway_id": "",
                "nat_gateway_id": "nat-096ccd455131f6fcc",
                "network_interface_id": "",
                "transit_gateway_id": "",
                "vpc_endpoint_id": "",
                "vpc_peering_connection_id": ""
              }
            ],
            "tags": {
              "Name": "devops-portfolio-private-rt"
            },
            "tags_all": {
              "Name": "devops-portfolio-private-rt"
            },
            "timeouts": null,
            "vpc_id": "vpc-02f922b07560659b6"
          },
          "sensitive_attributes": [],
          "identity_schema_version": 0,
          "private": "eyJlMmJmYjczMC1lY2FhLTExZTYtOGY4OC0zNDM2M2JjN2M0YzAiOnsiY3JlYXRlIjozMDAwMDAwMDAwMDAsImRlbGV0ZSI6MzAwMDAwMDAwMDAwLCJ1cGRhdGUiOjEyMDAwMDAwMDAwMH19",
          "dependencies": [
            "aws_eip.nat",
            "aws_internet_gateway.igw",
            "aws_nat_gateway.nat",
            "aws_subnet.public_a",
            "aws_vpc.main"
          ]
        }
      ]
    },
    {
      "mode": "managed",
      "type": "aws_route_table",
      "name": "public",
      "provider": "provider[\"registry.terraform.io/hashicorp/aws\"]",
      "instances": [
        {
          "schema_version": 0,
          "attributes": {
            "arn": "arn:aws:ec2:ap-south-1:990046776873:route-table/rtb-00d14984213e00dcd",
            "id": "rtb-00d14984213e00dcd",
            "owner_id": "990046776873",
            "propagating_vgws": [],
            "route": [
              {
                "carrier_gateway_id": "",
                "cidr_block": "0.0.0.0/0",
                "core_network_arn": "",
                "destination_prefix_list_id": "",
                "egress_only_gateway_id": "",
                "gateway_id": "igw-0686904a4e0e1136d",
                "ipv6_cidr_block": "",
                "local_gateway_id": "",
                "nat_gateway_id": "",
                "network_interface_id": "",
                "transit_gateway_id": "",
                "vpc_endpoint_id": "",
                "vpc_peering_connection_id": ""
              }
            ],
            "tags": {
              "Name": "devops-portfolio-public-rt"
            },
            "tags_all": {
              "Name": "devops-portfolio-public-rt"
            },
            "timeouts": null,
            "vpc_id": "vpc-02f922b07560659b6"
          },
          "sensitive_attributes": [],
          "identity_schema_version": 0,
          "private": "eyJlMmJmYjczMC1lY2FhLTExZTYtOGY4OC0zNDM2M2JjN2M0YzAiOnsiY3JlYXRlIjozMDAwMDAwMDAwMDAsImRlbGV0ZSI6MzAwMDAwMDAwMDAwLCJ1cGRhdGUiOjEyMDAwMDAwMDAwMH19",
          "dependencies": [
            "aws_internet_gateway.igw",
            "aws_vpc.main"
          ]
        }
      ]
    },
    {
      "mode": "managed",
      "type": "aws_route_table_association",
      "name": "private_a",
      "provider": "provider[\"registry.terraform.io/hashicorp/aws\"]",
      "instances": [
        {
          "schema_version": 0,
          "attributes": {
            "gateway_id": "",
            "id": "rtbassoc-09e32d9d2d126e191",
            "route_table_id": "rtb-0a6ba126585c1bab9",
            "subnet_id": "subnet-03c249a49a7414027",
            "timeouts": null
          },
          "sensitive_attributes": [],
          "identity_schema_version": 0,
          "private": "eyJlMmJmYjczMC1lY2FhLTExZTYtOGY4OC0zNDM2M2JjN2M0YzAiOnsiY3JlYXRlIjozMDAwMDAwMDAwMDAsImRlbGV0ZSI6MzAwMDAwMDAwMDAwLCJ1cGRhdGUiOjEyMDAwMDAwMDAwMH19",
          "dependencies": [
            "aws_eip.nat",
            "aws_internet_gateway.igw",
            "aws_nat_gateway.nat",
            "aws_route_table.private",
            "aws_subnet.private_a",
            "aws_subnet.public_a",
            "aws_vpc.main"
          ]
        }
      ]
    },
    {
      "mode": "managed",
      "type": "aws_route_table_association",
      "name": "public_a",
      "provider": "provider[\"registry.terraform.io/hashicorp/aws\"]",
      "instances": [
        {
          "schema_version": 0,
          "attributes": {
            "gateway_id": "",
            "id": "rtbassoc-09f0ce5c823cc1e5f",
            "route_table_id": "rtb-00d14984213e00dcd",
            "subnet_id": "subnet-0f0f34fb153974b85",
            "timeouts": null
          },
          "sensitive_attributes": [],
          "identity_schema_version": 0,
          "private": "eyJlMmJmYjczMC1lY2FhLTExZTYtOGY4OC0zNDM2M2JjN2M0YzAiOnsiY3JlYXRlIjozMDAwMDAwMDAwMDAsImRlbGV0ZSI6MzAwMDAwMDAwMDAwLCJ1cGRhdGUiOjEyMDAwMDAwMDAwMH19",
          "dependencies": [
            "aws_internet_gateway.igw",
            "aws_route_table.public",
            "aws_subnet.public_a",
            "aws_vpc.main"
          ]
        }
      ]
    },
    {
      "mode": "managed",
      "type": "aws_security_group",
      "name": "ec2_sg",
      "provider": "provider[\"registry.terraform.io/hashicorp/aws\"]",
      "instances": [
        {
          "schema_version": 1,
          "attributes": {
            "arn": "arn:aws:ec2:ap-south-1:990046776873:security-group/sg-078e3bec1876c925f",
            "description": "Allow SSH, HTTP, HTTPS from anywhere",
            "egress": [
              {
                "cidr_blocks": [
                  "0.0.0.0/0"
                ],
                "description": "",
                "from_port": 0,
                "ipv6_cidr_blocks": [],
                "prefix_list_ids": [],
                "protocol": "-1",
                "security_groups": [],
                "self": false,
                "to_port": 0
              }
            ],
            "id": "sg-078e3bec1876c925f",
            "ingress": [
              {
                "cidr_blocks": [
                  "0.0.0.0/0"
                ],
                "description": "HTTP from anywhere",
                "from_port": 80,
                "ipv6_cidr_blocks": [],
                "prefix_list_ids": [],
                "protocol": "tcp",
                "security_groups": [],
                "self": false,
                "to_port": 80
              },
              {
                "cidr_blocks": [
                  "0.0.0.0/0"
                ],
                "description": "HTTPS from anywhere",
                "from_port": 443,
                "ipv6_cidr_blocks": [],
                "prefix_list_ids": [],
                "protocol": "tcp",
                "security_groups": [],
                "self": false,
                "to_port": 443
              },
              {
                "cidr_blocks": [
                  "0.0.0.0/0"
                ],
                "description": "SSH from anywhere",
                "from_port": 22,
                "ipv6_cidr_blocks": [],
                "prefix_list_ids": [],
                "protocol": "tcp",
                "security_groups": [],
                "self": false,
                "to_port": 22
              }
            ],
            "name": "devops-portfolio-ec2-sg",
            "name_prefix": "",
            "owner_id": "990046776873",
            "revoke_rules_on_delete": false,
            "tags": {
              "Name": "devops-portfolio-ec2-sg"
            },
            "tags_all": {
              "Name": "devops-portfolio-ec2-sg"
            },
            "timeouts": null,
            "vpc_id": "vpc-02f922b07560659b6"
          },
          "sensitive_attributes": [],
          "identity_schema_version": 0,
          "private": "eyJlMmJmYjczMC1lY2FhLTExZTYtOGY4OC0zNDM2M2JjN2M0YzAiOnsiY3JlYXRlIjo2MDAwMDAwMDAwMDAsImRlbGV0ZSI6OTAwMDAwMDAwMDAwfSwic2NoZW1hX3ZlcnNpb24iOiIxIn0=",
          "dependencies": [
            "aws_vpc.main"
          ],
          "create_before_destroy": true
        }
      ]
    },
    {
      "mode": "managed",
      "type": "aws_security_group",
      "name": "rds_sg",
      "provider": "provider[\"registry.terraform.io/hashicorp/aws\"]",
      "instances": [
        {
          "schema_version": 1,
          "attributes": {
            "arn": "arn:aws:ec2:ap-south-1:990046776873:security-group/sg-0722807cc48b4f4d3",
            "description": "Allow PostgreSQL from EC2 SG",
            "egress": [
              {
                "cidr_blocks": [
                  "0.0.0.0/0"
                ],
                "description": "",
                "from_port": 0,
                "ipv6_cidr_blocks": [],
                "prefix_list_ids": [],
                "protocol": "-1",
                "security_groups": [],
                "self": false,
                "to_port": 0
              }
            ],
            "id": "sg-0722807cc48b4f4d3",
            "ingress": [
              {
                "cidr_blocks": [],
                "description": "PostgreSQL from EC2",
                "from_port": 5432,
                "ipv6_cidr_blocks": [],
                "prefix_list_ids": [],
                "protocol": "tcp",
                "security_groups": [
                  "sg-078e3bec1876c925f"
                ],
                "self": false,
                "to_port": 5432
              }
            ],
            "name": "devops-portfolio-rds-sg",
            "name_prefix": "",
            "owner_id": "990046776873",
            "revoke_rules_on_delete": false,
            "tags": {
              "Name": "devops-portfolio-rds-sg"
            },
            "tags_all": {
              "Name": "devops-portfolio-rds-sg"
            },
            "timeouts": null,
            "vpc_id": "vpc-02f922b07560659b6"
          },
          "sensitive_attributes": [],
          "identity_schema_version": 0,
          "private": "eyJlMmJmYjczMC1lY2FhLTExZTYtOGY4OC0zNDM2M2JjN2M0YzAiOnsiY3JlYXRlIjo2MDAwMDAwMDAwMDAsImRlbGV0ZSI6OTAwMDAwMDAwMDAwfSwic2NoZW1hX3ZlcnNpb24iOiIxIn0=",
          "dependencies": [
            "aws_security_group.ec2_sg",
            "aws_vpc.main"
          ]
        }
      ]
    },
    {
      "mode": "managed",
      "type": "aws_subnet",
      "name": "private_a",
      "provider": "provider[\"registry.terraform.io/hashicorp/aws\"]",
      "instances": [
        {
          "schema_version": 1,
          "attributes": {
            "arn": "arn:aws:ec2:ap-south-1:990046776873:subnet/subnet-03c249a49a7414027",
            "assign_ipv6_address_on_creation": false,
            "availability_zone": "ap-south-1a",
            "availability_zone_id": "aps1-az1",
            "cidr_block": "10.0.2.0/24",
            "customer_owned_ipv4_pool": "",
            "enable_dns64": false,
            "enable_lni_at_device_index": 0,
            "enable_resource_name_dns_a_record_on_launch": false,
            "enable_resource_name_dns_aaaa_record_on_launch": false,
            "id": "subnet-03c249a49a7414027",
            "ipv6_cidr_block": "",
            "ipv6_cidr_block_association_id": "",
            "ipv6_native": false,
            "map_customer_owned_ip_on_launch": false,
            "map_public_ip_on_launch": false,
            "outpost_arn": "",
            "owner_id": "990046776873",
            "private_dns_hostname_type_on_launch": "ip-name",
            "tags": {
              "Name": "devops-portfolio-private-subnet-a"
            },
            "tags_all": {
              "Name": "devops-portfolio-private-subnet-a"
            },
            "timeouts": null,
            "vpc_id": "vpc-02f922b07560659b6"
          },
          "sensitive_attributes": [],
          "identity_schema_version": 0,
          "private": "eyJlMmJmYjczMC1lY2FhLTExZTYtOGY4OC0zNDM2M2JjN2M0YzAiOnsiY3JlYXRlIjo2MDAwMDAwMDAwMDAsImRlbGV0ZSI6MTIwMDAwMDAwMDAwMH0sInNjaGVtYV92ZXJzaW9uIjoiMSJ9",
          "dependencies": [
            "aws_vpc.main"
          ]
        }
      ]
    },
    {
      "mode": "managed",
      "type": "aws_subnet",
      "name": "private_b",
      "provider": "provider[\"registry.terraform.io/hashicorp/aws\"]",
      "instances": [
        {
          "schema_version": 1,
          "attributes": {
            "arn": "arn:aws:ec2:ap-south-1:990046776873:subnet/subnet-0883678d192e8fad8",
            "assign_ipv6_address_on_creation": false,
            "availability_zone": "ap-south-1b",
            "availability_zone_id": "aps1-az3",
            "cidr_block": "10.0.3.0/24",
            "customer_owned_ipv4_pool": "",
            "enable_dns64": false,
            "enable_lni_at_device_index": 0,
            "enable_resource_name_dns_a_record_on_launch": false,
            "enable_resource_name_dns_aaaa_record_on_launch": false,
            "id": "subnet-0883678d192e8fad8",
            "ipv6_cidr_block": "",
            "ipv6_cidr_block_association_id": "",
            "ipv6_native": false,
            "map_customer_owned_ip_on_launch": false,
            "map_public_ip_on_launch": false,
            "outpost_arn": "",
            "owner_id": "990046776873",
            "private_dns_hostname_type_on_launch": "ip-name",
            "tags": {
              "Name": "devops-portfolio-private-subnet-b"
            },
            "tags_all": {
              "Name": "devops-portfolio-private-subnet-b"
            },
            "timeouts": null,
            "vpc_id": "vpc-02f922b07560659b6"
          },
          "sensitive_attributes": [],
          "identity_schema_version": 0,
          "private": "eyJlMmJmYjczMC1lY2FhLTExZTYtOGY4OC0zNDM2M2JjN2M0YzAiOnsiY3JlYXRlIjo2MDAwMDAwMDAwMDAsImRlbGV0ZSI6MTIwMDAwMDAwMDAwMH0sInNjaGVtYV92ZXJzaW9uIjoiMSJ9",
          "dependencies": [
            "aws_vpc.main"
          ]
        }
      ]
    },
    {
      "mode": "managed",
      "type": "aws_subnet",
      "name": "public_a",
      "provider": "provider[\"registry.terraform.io/hashicorp/aws\"]",
      "instances": [
        {
          "schema_version": 1,
          "attributes": {
            "arn": "arn:aws:ec2:ap-south-1:990046776873:subnet/subnet-0f0f34fb153974b85",
            "assign_ipv6_address_on_creation": false,
            "availability_zone": "ap-south-1a",
            "availability_zone_id": "aps1-az1",
            "cidr_block": "10.0.1.0/24",
            "customer_owned_ipv4_pool": "",
            "enable_dns64": false,
            "enable_lni_at_device_index": 0,
            "enable_resource_name_dns_a_record_on_launch": false,
            "enable_resource_name_dns_aaaa_record_on_launch": false,
            "id": "subnet-0f0f34fb153974b85",
            "ipv6_cidr_block": "",
            "ipv6_cidr_block_association_id": "",
            "ipv6_native": false,
            "map_customer_owned_ip_on_launch": false,
            "map_public_ip_on_launch": true,
            "outpost_arn": "",
            "owner_id": "990046776873",
            "private_dns_hostname_type_on_launch": "ip-name",
            "tags": {
              "Name": "devops-portfolio-public-subnet-a"
            },
            "tags_all": {
              "Name": "devops-portfolio-public-subnet-a"
            },
            "timeouts": null,
            "vpc_id": "vpc-02f922b07560659b6"
          },
          "sensitive_attributes": [],
          "identity_schema_version": 0,
          "private": "eyJlMmJmYjczMC1lY2FhLTExZTYtOGY4OC0zNDM2M2JjN2M0YzAiOnsiY3JlYXRlIjo2MDAwMDAwMDAwMDAsImRlbGV0ZSI6MTIwMDAwMDAwMDAwMH0sInNjaGVtYV92ZXJzaW9uIjoiMSJ9",
          "dependencies": [
            "aws_vpc.main"
          ]
        }
      ]
    },
    {
      "mode": "managed",
      "type": "aws_vpc",
      "name": "main",
      "provider": "provider[\"registry.terraform.io/hashicorp/aws\"]",
      "instances": [
        {
          "schema_version": 1,
          "attributes": {
            "arn": "arn:aws:ec2:ap-south-1:990046776873:vpc/vpc-02f922b07560659b6",
            "assign_generated_ipv6_cidr_block": false,
            "cidr_block": "10.0.0.0/16",
            "default_network_acl_id": "acl-036f545cc2e8c363e",
            "default_route_table_id": "rtb-0872abfd5f614f597",
            "default_security_group_id": "sg-00ca903a0417fec56",
            "dhcp_options_id": "dopt-04c3c52573eac4372",
            "enable_dns_hostnames": true,
            "enable_dns_support": true,
            "enable_network_address_usage_metrics": false,
            "id": "vpc-02f922b07560659b6",
            "instance_tenancy": "default",
            "ipv4_ipam_pool_id": null,
            "ipv4_netmask_length": null,
            "ipv6_association_id": "",
            "ipv6_cidr_block": "",
            "ipv6_cidr_block_network_border_group": "",
            "ipv6_ipam_pool_id": "",
            "ipv6_netmask_length": 0,
            "main_route_table_id": "rtb-0872abfd5f614f597",
            "owner_id": "990046776873",
            "tags": {
              "Name": "devops-portfolio-vpc"
            },
            "tags_all": {
              "Name": "devops-portfolio-vpc"
            }
          },
          "sensitive_attributes": [],
          "identity_schema_version": 0,
          "private": "eyJzY2hlbWFfdmVyc2lvbiI6IjEifQ==",
          "create_before_destroy": true
        }
      ]
    }
  ],
  "check_results": null
}
